// !$*UTF8*$!
{
	archiveVersion = 1;
	classes = {
	};
	objectVersion = 77;
	objects = {

/* Begin PBXBuildFile section */
		6FC37C142F61A4EB00BF75C5 /* WidgetKit.framework in Frameworks */ = {isa = PBXBuildFile; fileRef = 6FC37C132F61A4EB00BF75C5 /* WidgetKit.framework */; };
		6FC37C162F61A4EB00BF75C5 /* SwiftUI.framework in Frameworks */ = {isa = PBXBuildFile; fileRef = 6FC37C152F61A4EB00BF75C5 /* SwiftUI.framework */; };
		6FC37C272F61A4ED00BF75C5 /* VibesArcWidgetsExtension.appex in Embed Foundation Extensions */ = {isa = PBXBuildFile; fileRef = 6FC37C112F61A4EB00BF75C5 /* VibesArcWidgetsExtension.appex */; settings = {ATTRIBUTES = (RemoveHeadersOnCopy, ); }; };
/* End PBXBuildFile section */

/* Begin PBXContainerItemProxy section */
		6F246CA82F61A32B005BC107 /* PBXContainerItemProxy */ = {
			isa = PBXContainerItemProxy;
			containerPortal = 6F246C922F61A328005BC107 /* Project object */;
			proxyType = 1;
			remoteGlobalIDString = 6F246C992F61A328005BC107;
			remoteInfo = "Vibes Arc";
		};
		6F246CB22F61A32C005BC107 /* PBXContainerItemProxy */ = {
			isa = PBXContainerItemProxy;
			containerPortal = 6F246C922F61A328005BC107 /* Project object */;
			proxyType = 1;
			remoteGlobalIDString = 6F246C992F61A328005BC107;
			remoteInfo = "Vibes Arc";
		};
		6FC37C252F61A4ED00BF75C5 /* PBXContainerItemProxy */ = {
			isa = PBXContainerItemProxy;
			containerPortal = 6F246C922F61A328005BC107 /* Project object */;
			proxyType = 1;
			remoteGlobalIDString = 6FC37C102F61A4EB00BF75C5;
			remoteInfo = VibesArcWidgetsExtension;
		};
/* End PBXContainerItemProxy section */

/* Begin PBXCopyFilesBuildPhase section */
		6FC37C282F61A4ED00BF75C5 /* Embed Foundation Extensions */ = {
			isa = PBXCopyFilesBuildPhase;
			buildActionMask = 2147483647;
			dstPath = "";
			dstSubfolderSpec = 13;
			files = (
				6FC37C272F61A4ED00BF75C5 /* VibesArcWidgetsExtension.appex in Embed Foundation Extensions */,
			);
			name = "Embed Foundation Extensions";
			runOnlyForDeploymentPostprocessing = 0;
		};
/* End PBXCopyFilesBuildPhase section */

/* Begin PBXFileReference section */
		6F246C9A2F61A328005BC107 /* Vibes Arc.app */ = {isa = PBXFileReference; explicitFileType = wrapper.application; includeInIndex = 0; path = "Vibes Arc.app"; sourceTree = BUILT_PRODUCTS_DIR; };
		6F246CA72F61A32B005BC107 /* Vibes ArcTests.xctest */ = {isa = PBXFileReference; explicitFileType = wrapper.cfbundle; includeInIndex = 0; path = "Vibes ArcTests.xctest"; sourceTree = BUILT_PRODUCTS_DIR; };
		6F246CB12F61A32C005BC107 /* Vibes ArcUITests.xctest */ = {isa = PBXFileReference; explicitFileType = wrapper.cfbundle; includeInIndex = 0; path = "Vibes ArcUITests.xctest"; sourceTree = BUILT_PRODUCTS_DIR; };
		6FC37C112F61A4EB00BF75C5 /* VibesArcWidgetsExtension.appex */ = {isa = PBXFileReference; explicitFileType = "wrapper.app-extension"; includeInIndex = 0; path = VibesArcWidgetsExtension.appex; sourceTree = BUILT_PRODUCTS_DIR; };
		6FC37C132F61A4EB00BF75C5 /* WidgetKit.framework */ = {isa = PBXFileReference; lastKnownFileType = wrapper.framework; name = WidgetKit.framework; path = System/Library/Frameworks/WidgetKit.framework; sourceTree = SDKROOT; };
		6FC37C152F61A4EB00BF75C5 /* SwiftUI.framework */ = {isa = PBXFileReference; lastKnownFileType = wrapper.framework; name = SwiftUI.framework; path = System/Library/Frameworks/SwiftUI.framework; sourceTree = SDKROOT; };
		6FC37C2E2F61A6A200BF75C5 /* VibesArcWidgetsExtension.entitlements */ = {isa = PBXFileReference; lastKnownFileType = text.plist.entitlements; path = VibesArcWidgetsExtension.entitlements; sourceTree = "<group>"; };
/* End PBXFileReference section */

/* Begin PBXFileSystemSynchronizedBuildFileExceptionSet section */
		6FC37C2B2F61A4ED00BF75C5 /* Exceptions for "VibesArcWidgets" folder in "VibesArcWidgetsExtension" target */ = {
			isa = PBXFileSystemSynchronizedBuildFileExceptionSet;
			membershipExceptions = (
				Info.plist,
			);
			target = 6FC37C102F61A4EB00BF75C5 /* VibesArcWidgetsExtension */;
		};
/* End PBXFileSystemSynchronizedBuildFileExceptionSet section */

/* Begin PBXFileSystemSynchronizedRootGroup section */
		6F246C9C2F61A328005BC107 /* Vibes Arc */ = {
			isa = PBXFileSystemSynchronizedRootGroup;
			path = "Vibes Arc";
			sourceTree = "<group>";
		};
		6F246CAA2F61A32B005BC107 /* Vibes ArcTests */ = {
			isa = PBXFileSystemSynchronizedRootGroup;
			path = "Vibes ArcTests";
			sourceTree = "<group>";
		};
		6F246CB42F61A32C005BC107 /* Vibes ArcUITests */ = {
			isa = PBXFileSystemSynchronizedRootGroup;
			path = "Vibes ArcUITests";
			sourceTree = "<group>";
		};
		6FC37C172F61A4EB00BF75C5 /* VibesArcWidgets */ = {
			isa = PBXFileSystemSynchronizedRootGroup;
			exceptions = (
				6FC37C2B2F61A4ED00BF75C5 /* Exceptions for "VibesArcWidgets" folder in "VibesArcWidgetsExtension" target */,
			);
			path = VibesArcWidgets;
			sourceTree = "<group>";
		};
/* End PBXFileSystemSynchronizedRootGroup section */

/* Begin PBXFrameworksBuildPhase section */
		6F246C972F61A328005BC107 /* Frameworks */ = {
			isa = PBXFrameworksBuildPhase;
			buildActionMask = 2147483647;
			files = (
			);
			runOnlyForDeploymentPostprocessing = 0;
		};
		6F246CA42F61A32B005BC107 /* Frameworks */ = {
			isa = PBXFrameworksBuildPhase;
			buildActionMask = 2147483647;
			files = (
			);
			runOnlyForDeploymentPostprocessing = 0;
		};
		6F246CAE2F61A32C005BC107 /* Frameworks */ = {
			isa = PBXFrameworksBuildPhase;
			buildActionMask = 2147483647;
			files = (
			);
			runOnlyForDeploymentPostprocessing = 0;
		};
		6FC37C0E2F61A4EB00BF75C5 /* Frameworks */ = {
			isa = PBXFrameworksBuildPhase;
			buildActionMask = 2147483647;
			files = (
				6FC37C162F61A4EB00BF75C5 /* SwiftUI.framework in Frameworks */,
				6FC37C142F61A4EB00BF75C5 /* WidgetKit.framework in Frameworks */,
			);
			runOnlyForDeploymentPostprocessing = 0;
		};
/* End PBXFrameworksBuildPhase section */

/* Begin PBXGroup section */
		6F246C912F61A328005BC107 = {
			isa = PBXGroup;
			children = (
				6FC37C2E2F61A6A200BF75C5 /* VibesArcWidgetsExtension.entitlements */,
				6F246C9C2F61A328005BC107 /* Vibes Arc */,
				6F246CAA2F61A32B005BC107 /* Vibes ArcTests */,
				6F246CB42F61A32C005BC107 /* Vibes ArcUITests */,
				6FC37C172F61A4EB00BF75C5 /* VibesArcWidgets */,
				6FC37C122F61A4EB00BF75C5 /* Frameworks */,
				6F246C9B2F61A328005BC107 /* Products */,
			);
			sourceTree = "<group>";
		};
		6F246C9B2F61A328005BC107 /* Products */ = {
			isa = PBXGroup;
			children = (
				6F246C9A2F61A328005BC107 /* Vibes Arc.app */,
				6F246CA72F61A32B005BC107 /* Vibes ArcTests.xctest */,
				6F246CB12F61A32C005BC107 /* Vibes ArcUITests.xctest */,
				6FC37C112F61A4EB00BF75C5 /* VibesArcWidgetsExtension.appex */,
			);
			name = Products;
			sourceTree = "<group>";
		};
		6FC37C122F61A4EB00BF75C5 /* Frameworks */ = {
			isa = PBXGroup;
			children = (
				6FC37C132F61A4EB00BF75C5 /* WidgetKit.framework */,
				6FC37C152F61A4EB00BF75C5 /* SwiftUI.framework */,
			);
			name = Frameworks;
			sourceTree = "<group>";
		};
/* End PBXGroup section */

/* Begin PBXNativeTarget section */
		6F246C992F61A328005BC107 /* Vibes Arc */ = {
			isa = PBXNativeTarget;
			buildConfigurationList = 6F246CBB2F61A32C005BC107 /* Build configuration list for PBXNativeTarget "Vibes Arc" */;
			buildPhases = (
				6F246C962F61A328005BC107 /* Sources */,
				6F246C972F61A328005BC107 /* Frameworks */,
				6F246C982F61A328005BC107 /* Resources */,
				6FC37C282F61A4ED00BF75C5 /* Embed Foundation Extensions */,
			);
			buildRules = (
			);
			dependencies = (
				6FC37C262F61A4ED00BF75C5 /* PBXTargetDependency */,
			);
			fileSystemSynchronizedGroups = (
				6F246C9C2F61A328005BC107 /* Vibes Arc */,
			);
			name = "Vibes Arc";
			packageProductDependencies = (
			);
			productName = "Vibes Arc";
			productReference = 6F246C9A2F61A328005BC107 /* Vibes Arc.app */;
			productType = "com.apple.product-type.application";
		};
		6F246CA62F61A32B005BC107 /* Vibes ArcTests */ = {
			isa = PBXNativeTarget;
			buildConfigurationList = 6F246CBE2F61A32C005BC107 /* Build configuration list for PBXNativeTarget "Vibes ArcTests" */;
			buildPhases = (
				6F246CA32F61A32B005BC107 /* Sources */,
				6F246CA42F61A32B005BC107 /* Frameworks */,
				6F246CA52F61A32B005BC107 /* Resources */,
			);
			buildRules = (
			);
			dependencies = (
				6F246CA92F61A32B005BC107 /* PBXTargetDependency */,
			);
			fileSystemSynchronizedGroups = (
				6F246CAA2F61A32B005BC107 /* Vibes ArcTests */,
			);
			name = "Vibes ArcTests";
			packageProductDependencies = (
			);
			productName = "Vibes ArcTests";
			productReference = 6F246CA72F61A32B005BC107 /* Vibes ArcTests.xctest */;
			productType = "com.apple.product-type.bundle.unit-test";
		};
		6F246CB02F61A32C005BC107 /* Vibes ArcUITests */ = {
			isa = PBXNativeTarget;
			buildConfigurationList = 6F246CC12F61A32C005BC107 /* Build configuration list for PBXNativeTarget "Vibes ArcUITests" */;
			buildPhases = (
				6F246CAD2F61A32C005BC107 /* Sources */,
				6F246CAE2F61A32C005BC107 /* Frameworks */,
				6F246CAF2F61A32C005BC107 /* Resources */,
			);
			buildRules = (
			);
			dependencies = (
				6F246CB32F61A32C005BC107 /* PBXTargetDependency */,
			);
			fileSystemSynchronizedGroups = (
				6F246CB42F61A32C005BC107 /* Vibes ArcUITests */,
			);
			name = "Vibes ArcUITests";
			packageProductDependencies = (
			);
			productName = "Vibes ArcUITests";
			productReference = 6F246CB12F61A32C005BC107 /* Vibes ArcUITests.xctest */;
			productType = "com.apple.product-type.bundle.ui-testing";
		};
		6FC37C102F61A4EB00BF75C5 /* VibesArcWidgetsExtension */ = {
			isa = PBXNativeTarget;
			buildConfigurationList = 6FC37C2C2F61A4ED00BF75C5 /* Build configuration list for PBXNativeTarget "VibesArcWidgetsExtension" */;
			buildPhases = (
				6FC37C0D2F61A4EB00BF75C5 /* Sources */,
				6FC37C0E2F61A4EB00BF75C5 /* Frameworks */,
				6FC37C0F2F61A4EB00BF75C5 /* Resources */,
			);
			buildRules = (
			);
			dependencies = (
			);
			fileSystemSynchronizedGroups = (
				6FC37C172F61A4EB00BF75C5 /* VibesArcWidgets */,
			);
			name = VibesArcWidgetsExtension;
			packageProductDependencies = (
			);
			productName = VibesArcWidgetsExtension;
			productReference = 6FC37C112F61A4EB00BF75C5 /* VibesArcWidgetsExtension.appex */;
			productType = "com.apple.product-type.app-extension";
		};
/* End PBXNativeTarget section */

/* Begin PBXProject section */
		6F246C922F61A328005BC107 /* Project object */ = {
			isa = PBXProject;
			attributes = {
				BuildIndependentTargetsInParallel = 1;
				LastSwiftUpdateCheck = 2630;
				LastUpgradeCheck = 2630;
				TargetAttributes = {
					6F246C992F61A328005BC107 = {
						CreatedOnToolsVersion = 26.3;
					};
					6F246CA62F61A32B005BC107 = {
						CreatedOnToolsVersion = 26.3;
						TestTargetID = 6F246C992F61A328005BC107;
					};
					6F246CB02F61A32C005BC107 = {
						CreatedOnToolsVersion = 26.3;
						TestTargetID = 6F246C992F61A328005BC107;
					};
					6FC37C102F61A4EB00BF75C5 = {
						CreatedOnToolsVersion = 26.3;
					};
				};
			};
			buildConfigurationList = 6F246C952F61A328005BC107 /* Build configuration list for PBXProject "Vibes Arc" */;
			developmentRegion = en;
			hasScannedForEncodings = 0;
			knownRegions = (
				en,
				Base,
			);
			mainGroup = 6F246C912F61A328005BC107;
			minimizedProjectReferenceProxies = 1;
			preferredProjectObjectVersion = 77;
			productRefGroup = 6F246C9B2F61A328005BC107 /* Products */;
			projectDirPath = "";
			projectRoot = "";
			targets = (
				6F246C992F61A328005BC107 /* Vibes Arc */,
				6F246CA62F61A32B005BC107 /* Vibes ArcTests */,
				6F246CB02F61A32C005BC107 /* Vibes ArcUITests */,
				6FC37C102F61A4EB00BF75C5 /* VibesArcWidgetsExtension */,
			);
		};
/* End PBXProject section */

/* Begin PBXResourcesBuildPhase section */
		6F246C982F61A328005BC107 /* Resources */ = {
			isa = PBXResourcesBuildPhase;
			buildActionMask = 2147483647;
			files = (
			);
			runOnlyForDeploymentPostprocessing = 0;
		};
		6F246CA52F61A32B005BC107 /* Resources */ = {
			isa = PBXResourcesBuildPhase;
			buildActionMask = 2147483647;
			files = (
			);
			runOnlyForDeploymentPostprocessing = 0;
		};
		6F246CAF2F61A32C005BC107 /* Resources */ = {
			isa = PBXResourcesBuildPhase;
			buildActionMask = 2147483647;
			files = (
			);
			runOnlyForDeploymentPostprocessing = 0;
		};
		6FC37C0F2F61A4EB00BF75C5 /* Resources */ = {
			isa = PBXResourcesBuildPhase;
			buildActionMask = 2147483647;
			files = (
			);
			runOnlyForDeploymentPostprocessing = 0;
		};
/* End PBXResourcesBuildPhase section */

/* Begin PBXSourcesBuildPhase section */
		6F246C962F61A328005BC107 /* Sources */ = {
			isa = PBXSourcesBuildPhase;
			buildActionMask = 2147483647;
			files = (
			);
			runOnlyForDeploymentPostprocessing = 0;
		};
		6F246CA32F61A32B005BC107 /* Sources */ = {
			isa = PBXSourcesBuildPhase;
			buildActionMask = 2147483647;
			files = (
			);
			runOnlyForDeploymentPostprocessing = 0;
		};
		6F246CAD2F61A32C005BC107 /* Sources */ = {
			isa = PBXSourcesBuildPhase;
			buildActionMask = 2147483647;
			files = (
			);
			runOnlyForDeploymentPostprocessing = 0;
		};
		6FC37C0D2F61A4EB00BF75C5 /* Sources */ = {
			isa = PBXSourcesBuildPhase;
			buildActionMask = 2147483647;
			files = (
			);
			runOnlyForDeploymentPostprocessing = 0;
		};
/* End PBXSourcesBuildPhase section */

/* Begin PBXTargetDependency section */
		6F246CA92F61A32B005BC107 /* PBXTargetDependency */ = {
			isa = PBXTargetDependency;
			target = 6F246C992F61A328005BC107 /* Vibes Arc */;
			targetProxy = 6F246CA82F61A32B005BC107 /* PBXContainerItemProxy */;
		};
		6F246CB32F61A32C005BC107 /* PBXTargetDependency */ = {
			isa = PBXTargetDependency;
			target = 6F246C992F61A328005BC107 /* Vibes Arc */;
			targetProxy = 6F246CB22F61A32C005BC107 /* PBXContainerItemProxy */;
		};
		6FC37C262F61A4ED00BF75C5 /* PBXTargetDependency */ = {
			isa = PBXTargetDependency;
			target = 6FC37C102F61A4EB00BF75C5 /* VibesArcWidgetsExtension */;
			targetProxy = 6FC37C252F61A4ED00BF75C5 /* PBXContainerItemProxy */;
		};
/* End PBXTargetDependency section */

/* Begin XCBuildConfiguration section */
		6F246CB92F61A32C005BC107 /* Debug */ = {
			isa = XCBuildConfiguration;
			buildSettings = {
				ALWAYS_SEARCH_USER_PATHS = NO;
				ASSETCATALOG_COMPILER_GENERATE_SWIFT_ASSET_SYMBOL_EXTENSIONS = YES;
				CLANG_ANALYZER_NONNULL = YES;
				CLANG_ANALYZER_NUMBER_OBJECT_CONVERSION = YES_AGGRESSIVE;
				CLANG_CXX_LANGUAGE_STANDARD = "gnu++20";
				CLANG_ENABLE_MODULES = YES;
				CLANG_ENABLE_OBJC_ARC = YES;
				CLANG_ENABLE_OBJC_WEAK = YES;
				CLANG_WARN_BLOCK_CAPTURE_AUTORELEASING = YES;
				CLANG_WARN_BOOL_CONVERSION = YES;
				CLANG_WARN_COMMA = YES;
				CLANG_WARN_CONSTANT_CONVERSION = YES;
				CLANG_WARN_DEPRECATED_OBJC_IMPLEMENTATIONS = YES;
				CLANG_WARN_DIRECT_OBJC_ISA_USAGE = YES_ERROR;
				CLANG_WARN_DOCUMENTATION_COMMENTS = YES;
				CLANG_WARN_EMPTY_BODY = YES;
				CLANG_WARN_ENUM_CONVERSION = YES;
				CLANG_WARN_INFINITE_RECURSION = YES;
				CLANG_WARN_INT_CONVERSION = YES;
				CLANG_WARN_NON_LITERAL_NULL_CONVERSION = YES;
				CLANG_WARN_OBJC_IMPLICIT_RETAIN_SELF = YES;
				CLANG_WARN_OBJC_LITERAL_CONVERSION = YES;
				CLANG_WARN_OBJC_ROOT_CLASS = YES_ERROR;
				CLANG_WARN_QUOTED_INCLUDE_IN_FRAMEWORK_HEADER = YES;
				CLANG_WARN_RANGE_LOOP_ANALYSIS = YES;
				CLANG_WARN_STRICT_PROTOTYPES = YES;
				CLANG_WARN_SUSPICIOUS_MOVE = YES;
				CLANG_WARN_UNGUARDED_AVAILABILITY = YES_AGGRESSIVE;
				CLANG_WARN_UNREACHABLE_CODE = YES;
				CLANG_WARN__DUPLICATE_METHOD_MATCH = YES;
				COPY_PHASE_STRIP = NO;
				DEBUG_INFORMATION_FORMAT = dwarf;
				DEVELOPMENT_TEAM = GNEZG29SH7;
				ENABLE_STRICT_OBJC_MSGSEND = YES;
				ENABLE_TESTABILITY = YES;
				ENABLE_USER_SCRIPT_SANDBOXING = YES;
				GCC_C_LANGUAGE_STANDARD = gnu17;
				GCC_DYNAMIC_NO_PIC = NO;
				GCC_NO_COMMON_BLOCKS = YES;
				GCC_OPTIMIZATION_LEVEL = 0;
				GCC_PREPROCESSOR_DEFINITIONS = (
					"DEBUG=1",
					"$(inherited)",
				);
				GCC_WARN_64_TO_32_BIT_CONVERSION = YES;
				GCC_WARN_ABOUT_RETURN_TYPE = YES_ERROR;
				GCC_WARN_UNDECLARED_SELECTOR = YES;
				GCC_WARN_UNINITIALIZED_AUTOS = YES_AGGRESSIVE;
				GCC_WARN_UNUSED_FUNCTION = YES;
				GCC_WARN_UNUSED_VARIABLE = YES;
				IPHONEOS_DEPLOYMENT_TARGET = 26.2;
				LOCALIZATION_PREFERS_STRING_CATALOGS = YES;
				MTL_ENABLE_DEBUG_INFO = INCLUDE_SOURCE;
				MTL_FAST_MATH = YES;
				ONLY_ACTIVE_ARCH = YES;
				SDKROOT = iphoneos;
				SWIFT_ACTIVE_COMPILATION_CONDITIONS = "DEBUG $(inherited)";
				SWIFT_OPTIMIZATION_LEVEL = "-Onone";
			};
			name = Debug;
		};
		6F246CBA2F61A32C005BC107 /* Release */ = {
			isa = XCBuildConfiguration;
			buildSettings = {
				ALWAYS_SEARCH_USER_PATHS = NO;
				ASSETCATALOG_COMPILER_GENERATE_SWIFT_ASSET_SYMBOL_EXTENSIONS = YES;
				CLANG_ANALYZER_NONNULL = YES;
				CLANG_ANALYZER_NUMBER_OBJECT_CONVERSION = YES_AGGRESSIVE;
				CLANG_CXX_LANGUAGE_STANDARD = "gnu++20";
				CLANG_ENABLE_MODULES = YES;
				CLANG_ENABLE_OBJC_ARC = YES;
				CLANG_ENABLE_OBJC_WEAK = YES;
				CLANG_WARN_BLOCK_CAPTURE_AUTORELEASING = YES;
				CLANG_WARN_BOOL_CONVERSION = YES;
				CLANG_WARN_COMMA = YES;
				CLANG_WARN_CONSTANT_CONVERSION = YES;
				CLANG_WARN_DEPRECATED_OBJC_IMPLEMENTATIONS = YES;
				CLANG_WARN_DIRECT_OBJC_ISA_USAGE = YES_ERROR;
				CLANG_WARN_DOCUMENTATION_COMMENTS = YES;
				CLANG_WARN_EMPTY_BODY = YES;
				CLANG_WARN_ENUM_CONVERSION = YES;
				CLANG_WARN_INFINITE_RECURSION = YES;
				CLANG_WARN_INT_CONVERSION = YES;
				CLANG_WARN_NON_LITERAL_NULL_CONVERSION = YES;
				CLANG_WARN_OBJC_IMPLICIT_RETAIN_SELF = YES;
				CLANG_WARN_OBJC_LITERAL_CONVERSION = YES;
				CLANG_WARN_OBJC_ROOT_CLASS = YES_ERROR;
				CLANG_WARN_QUOTED_INCLUDE_IN_FRAMEWORK_HEADER = YES;
				CLANG_WARN_RANGE_LOOP_ANALYSIS = YES;
				CLANG_WARN_STRICT_PROTOTYPES = YES;
				CLANG_WARN_SUSPICIOUS_MOVE = YES;
				CLANG_WARN_UNGUARDED_AVAILABILITY = YES_AGGRESSIVE;
				CLANG_WARN_UNREACHABLE_CODE = YES;
				CLANG_WARN__DUPLICATE_METHOD_MATCH = YES;
				COPY_PHASE_STRIP = NO;
				DEBUG_INFORMATION_FORMAT = "dwarf-with-dsym";
				DEVELOPMENT_TEAM = GNEZG29SH7;
				ENABLE_NS_ASSERTIONS = NO;
				ENABLE_STRICT_OBJC_MSGSEND = YES;
				ENABLE_USER_SCRIPT_SANDBOXING = YES;
				GCC_C_LANGUAGE_STANDARD = gnu17;
				GCC_NO_COMMON_BLOCKS = YES;
				GCC_WARN_64_TO_32_BIT_CONVERSION = YES;
				GCC_WARN_ABOUT_RETURN_TYPE = YES_ERROR;
				GCC_WARN_UNDECLARED_SELECTOR = YES;
				GCC_WARN_UNINITIALIZED_AUTOS = YES_AGGRESSIVE;
				GCC_WARN_UNUSED_FUNCTION = YES;
				GCC_WARN_UNUSED_VARIABLE = YES;
				IPHONEOS_DEPLOYMENT_TARGET = 26.2;
				LOCALIZATION_PREFERS_STRING_CATALOGS = YES;
				MTL_ENABLE_DEBUG_INFO = NO;
				MTL_FAST_MATH = YES;
				SDKROOT = iphoneos;
				SWIFT_COMPILATION_MODE = wholemodule;
				VALIDATE_PRODUCT = YES;
			};
			name = Release;
		};
		6F246CBC2F61A32C005BC107 /* Debug */ = {
			isa = XCBuildConfiguration;
			buildSettings = {
				ASSETCATALOG_COMPILER_APPICON_NAME = AppIcon;
				ASSETCATALOG_COMPILER_GLOBAL_ACCENT_COLOR_NAME = AccentColor;
				CODE_SIGN_ENTITLEMENTS = "Vibes Arc/Vibes Arc.entitlements";
				CODE_SIGN_STYLE = Automatic;
				CURRENT_PROJECT_VERSION = 1;
				DEVELOPMENT_TEAM = GNEZG29SH7;
				ENABLE_PREVIEWS = YES;
				GENERATE_INFOPLIST_FILE = YES;
				INFOPLIST_KEY_UIApplicationSceneManifest_Generation = YES;
				INFOPLIST_KEY_UIApplicationSupportsIndirectInputEvents = YES;
				INFOPLIST_KEY_UILaunchScreen_Generation = YES;
				INFOPLIST_KEY_UISupportedInterfaceOrientations_iPad = "UIInterfaceOrientationPortrait UIInterfaceOrientationPortraitUpsideDown UIInterfaceOrientationLandscapeLeft UIInterfaceOrientationLandscapeRight";
				INFOPLIST_KEY_UISupportedInterfaceOrientations_iPhone = "UIInterfaceOrientationPortrait UIInterfaceOrientationLandscapeLeft UIInterfaceOrientationLandscapeRight";
				LD_RUNPATH_SEARCH_PATHS = (
					"$(inherited)",
					"@executable_path/Frameworks",
				);
				MARKETING_VERSION = 1.0;
				PRODUCT_BUNDLE_IDENTIFIER = "com.vibesarc.Vibes-Arc";
				PRODUCT_NAME = "$(TARGET_NAME)";
				STRING_CATALOG_GENERATE_SYMBOLS = YES;
				SWIFT_APPROACHABLE_CONCURRENCY = YES;
				SWIFT_DEFAULT_ACTOR_ISOLATION = MainActor;
				SWIFT_EMIT_LOC_STRINGS = YES;
				SWIFT_UPCOMING_FEATURE_MEMBER_IMPORT_VISIBILITY = YES;
				SWIFT_VERSION = 5.0;
				TARGETED_DEVICE_FAMILY = "1,2";
			};
			name = Debug;
		};
		6F246CBD2F61A32C005BC107 /* Release */ = {
			isa = XCBuildConfiguration;
			buildSettings = {
				ASSETCATALOG_COMPILER_APPICON_NAME = AppIcon;
				ASSETCATALOG_COMPILER_GLOBAL_ACCENT_COLOR_NAME = AccentColor;
				CODE_SIGN_ENTITLEMENTS = "Vibes Arc/Vibes Arc.entitlements";
				CODE_SIGN_STYLE = Automatic;
				CURRENT_PROJECT_VERSION = 1;
				DEVELOPMENT_TEAM = GNEZG29SH7;
				ENABLE_PREVIEWS = YES;
				GENERATE_INFOPLIST_FILE = YES;
				INFOPLIST_KEY_UIApplicationSceneManifest_Generation = YES;
				INFOPLIST_KEY_UIApplicationSupportsIndirectInputEvents = YES;
				INFOPLIST_KEY_UILaunchScreen_Generation = YES;
				INFOPLIST_KEY_UISupportedInterfaceOrientations_iPad = "UIInterfaceOrientationPortrait UIInterfaceOrientationPortraitUpsideDown UIInterfaceOrientationLandscapeLeft UIInterfaceOrientationLandscapeRight";
				INFOPLIST_KEY_UISupportedInterfaceOrientations_iPhone = "UIInterfaceOrientationPortrait UIInterfaceOrientationLandscapeLeft UIInterfaceOrientationLandscapeRight";
				LD_RUNPATH_SEARCH_PATHS = (
					"$(inherited)",
					"@executable_path/Frameworks",
				);
				MARKETING_VERSION = 1.0;
				PRODUCT_BUNDLE_IDENTIFIER = "com.vibesarc.Vibes-Arc";
				PRODUCT_NAME = "$(TARGET_NAME)";
				STRING_CATALOG_GENERATE_SYMBOLS = YES;
				SWIFT_APPROACHABLE_CONCURRENCY = YES;
				SWIFT_DEFAULT_ACTOR_ISOLATION = MainActor;
				SWIFT_EMIT_LOC_STRINGS = YES;
				SWIFT_UPCOMING_FEATURE_MEMBER_IMPORT_VISIBILITY = YES;
				SWIFT_VERSION = 5.0;
				TARGETED_DEVICE_FAMILY = "1,2";
			};
			name = Release;
		};
		6F246CBF2F61A32C005BC107 /* Debug */ = {
			isa = XCBuildConfiguration;
			buildSettings = {
				BUNDLE_LOADER = "$(TEST_HOST)";
				CODE_SIGN_STYLE = Automatic;
				CURRENT_PROJECT_VERSION = 1;
				DEVELOPMENT_TEAM = GNEZG29SH7;
				GENERATE_INFOPLIST_FILE = YES;
				IPHONEOS_DEPLOYMENT_TARGET = 26.2;
				MARKETING_VERSION = 1.0;
				PRODUCT_BUNDLE_IDENTIFIER = "com.vibesarc.Vibes-ArcTests";
				PRODUCT_NAME = "$(TARGET_NAME)";
				STRING_CATALOG_GENERATE_SYMBOLS = NO;
				SWIFT_APPROACHABLE_CONCURRENCY = YES;
				SWIFT_EMIT_LOC_STRINGS = NO;
				SWIFT_UPCOMING_FEATURE_MEMBER_IMPORT_VISIBILITY = YES;
				SWIFT_VERSION = 5.0;
				TARGETED_DEVICE_FAMILY = "1,2";
				TEST_HOST = "$(BUILT_PRODUCTS_DIR)/Vibes Arc.app/$(BUNDLE_EXECUTABLE_FOLDER_PATH)/Vibes Arc";
			};
			name = Debug;
		};
		6F246CC02F61A32C005BC107 /* Release */ = {
			isa = XCBuildConfiguration;
			buildSettings = {
				BUNDLE_LOADER = "$(TEST_HOST)";
				CODE_SIGN_STYLE = Automatic;
				CURRENT_PROJECT_VERSION = 1;
				DEVELOPMENT_TEAM = GNEZG29SH7;
				GENERATE_INFOPLIST_FILE = YES;
				IPHONEOS_DEPLOYMENT_TARGET = 26.2;
				MARKETING_VERSION = 1.0;
				PRODUCT_BUNDLE_IDENTIFIER = "com.vibesarc.Vibes-ArcTests";
				PRODUCT_NAME = "$(TARGET_NAME)";
				STRING_CATALOG_GENERATE_SYMBOLS = NO;
				SWIFT_APPROACHABLE_CONCURRENCY = YES;
				SWIFT_EMIT_LOC_STRINGS = NO;
				SWIFT_UPCOMING_FEATURE_MEMBER_IMPORT_VISIBILITY = YES;
				SWIFT_VERSION = 5.0;
				TARGETED_DEVICE_FAMILY = "1,2";
				TEST_HOST = "$(BUILT_PRODUCTS_DIR)/Vibes Arc.app/$(BUNDLE_EXECUTABLE_FOLDER_PATH)/Vibes Arc";
			};
			name = Release;
		};
		6F246CC22F61A32C005BC107 /* Debug */ = {
			isa = XCBuildConfiguration;
			buildSettings = {
				CODE_SIGN_STYLE = Automatic;
				CURRENT_PROJECT_VERSION = 1;
				DEVELOPMENT_TEAM = GNEZG29SH7;
				GENERATE_INFOPLIST_FILE = YES;
				MARKETING_VERSION = 1.0;
				PRODUCT_BUNDLE_IDENTIFIER = "com.vibesarc.Vibes-ArcUITests";
				PRODUCT_NAME = "$(TARGET_NAME)";
				STRING_CATALOG_GENERATE_SYMBOLS = NO;
				SWIFT_APPROACHABLE_CONCURRENCY = YES;
				SWIFT_EMIT_LOC_STRINGS = NO;
				SWIFT_UPCOMING_FEATURE_MEMBER_IMPORT_VISIBILITY = YES;
				SWIFT_VERSION = 5.0;
				TARGETED_DEVICE_FAMILY = "1,2";
				TEST_TARGET_NAME = "Vibes Arc";
			};
			name = Debug;
		};
		6F246CC32F61A32C005BC107 /* Release */ = {
			isa = XCBuildConfiguration;
			buildSettings = {
				CODE_SIGN_STYLE = Automatic;
				CURRENT_PROJECT_VERSION = 1;
				DEVELOPMENT_TEAM = GNEZG29SH7;
				GENERATE_INFOPLIST_FILE = YES;
				MARKETING_VERSION = 1.0;
				PRODUCT_BUNDLE_IDENTIFIER = "com.vibesarc.Vibes-ArcUITests";
				PRODUCT_NAME = "$(TARGET_NAME)";
				STRING_CATALOG_GENERATE_SYMBOLS = NO;
				SWIFT_APPROACHABLE_CONCURRENCY = YES;
				SWIFT_EMIT_LOC_STRINGS = NO;
				SWIFT_UPCOMING_FEATURE_MEMBER_IMPORT_VISIBILITY = YES;
				SWIFT_VERSION = 5.0;
				TARGETED_DEVICE_FAMILY = "1,2";
				TEST_TARGET_NAME = "Vibes Arc";
			};
			name = Release;
		};
		6FC37C292F61A4ED00BF75C5 /* Debug */ = {
			isa = XCBuildConfiguration;
			buildSettings = {
				ASSETCATALOG_COMPILER_GLOBAL_ACCENT_COLOR_NAME = AccentColor;
				ASSETCATALOG_COMPILER_WIDGET_BACKGROUND_COLOR_NAME = WidgetBackground;
				CODE_SIGN_ENTITLEMENTS = VibesArcWidgetsExtension.entitlements;
				CODE_SIGN_STYLE = Automatic;
				CURRENT_PROJECT_VERSION = 1;
				DEVELOPMENT_TEAM = GNEZG29SH7;
				GENERATE_INFOPLIST_FILE = YES;
				INFOPLIST_FILE = VibesArcWidgets/Info.plist;
				INFOPLIST_KEY_CFBundleDisplayName = VibesArcWidgets;
				INFOPLIST_KEY_NSHumanReadableCopyright = "";
				LD_RUNPATH_SEARCH_PATHS = (
					"$(inherited)",
					"@executable_path/Frameworks",
					"@executable_path/../../Frameworks",
				);
				MARKETING_VERSION = 1.0;
				PRODUCT_BUNDLE_IDENTIFIER = "com.vibesarc.Vibes-Arc.VibesArcWidgets";
				PRODUCT_NAME = "$(TARGET_NAME)";
				SKIP_INSTALL = YES;
				STRING_CATALOG_GENERATE_SYMBOLS = YES;
				SWIFT_APPROACHABLE_CONCURRENCY = YES;
				SWIFT_EMIT_LOC_STRINGS = YES;
				SWIFT_UPCOMING_FEATURE_MEMBER_IMPORT_VISIBILITY = YES;
				SWIFT_VERSION = 5.0;
				TARGETED_DEVICE_FAMILY = "1,2";
			};
			name = Debug;
		};
		6FC37C2A2F61A4ED00BF75C5 /* Release */ = {
			isa = XCBuildConfiguration;
			buildSettings = {
				ASSETCATALOG_COMPILER_GLOBAL_ACCENT_COLOR_NAME = AccentColor;
				ASSETCATALOG_COMPILER_WIDGET_BACKGROUND_COLOR_NAME = WidgetBackground;
				CODE_SIGN_ENTITLEMENTS = VibesArcWidgetsExtension.entitlements;
				CODE_SIGN_STYLE = Automatic;
				CURRENT_PROJECT_VERSION = 1;
				DEVELOPMENT_TEAM = GNEZG29SH7;
				GENERATE_INFOPLIST_FILE = YES;
				INFOPLIST_FILE = VibesArcWidgets/Info.plist;
				INFOPLIST_KEY_CFBundleDisplayName = VibesArcWidgets;
				INFOPLIST_KEY_NSHumanReadableCopyright = "";
				LD_RUNPATH_SEARCH_PATHS = (
					"$(inherited)",
					"@executable_path/Frameworks",
					"@executable_path/../../Frameworks",
				);
				MARKETING_VERSION = 1.0;
				PRODUCT_BUNDLE_IDENTIFIER = "com.vibesarc.Vibes-Arc.VibesArcWidgets";
				PRODUCT_NAME = "$(TARGET_NAME)";
				SKIP_INSTALL = YES;
				STRING_CATALOG_GENERATE_SYMBOLS = YES;
				SWIFT_APPROACHABLE_CONCURRENCY = YES;
				SWIFT_EMIT_LOC_STRINGS = YES;
				SWIFT_UPCOMING_FEATURE_MEMBER_IMPORT_VISIBILITY = YES;
				SWIFT_VERSION = 5.0;
				TARGETED_DEVICE_FAMILY = "1,2";
			};
			name = Release;
		};
/* End XCBuildConfiguration section */

/* Begin XCConfigurationList section */
		6F246C952F61A328005BC107 /* Build configuration list for PBXProject "Vibes Arc" */ = {
			isa = XCConfigurationList;
			buildConfigurations = (
				6F246CB92F61A32C005BC107 /* Debug */,
				6F246CBA2F61A32C005BC107 /* Release */,
			);
			defaultConfigurationIsVisible = 0;
			defaultConfigurationName = Release;
		};
		6F246CBB2F61A32C005BC107 /* Build configuration list for PBXNativeTarget "Vibes Arc" */ = {
			isa = XCConfigurationList;
			buildConfigurations = (
				6F246CBC2F61A32C005BC107 /* Debug */,
				6F246CBD2F61A32C005BC107 /* Release */,
			);
			defaultConfigurationIsVisible = 0;
			defaultConfigurationName = Release;
		};
		6F246CBE2F61A32C005BC107 /* Build configuration list for PBXNativeTarget "Vibes ArcTests" */ = {
			isa = XCConfigurationList;
			buildConfigurations = (
				6F246CBF2F61A32C005BC107 /* Debug */,
				6F246CC02F61A32C005BC107 /* Release */,
			);
			defaultConfigurationIsVisible = 0;
			defaultConfigurationName = Release;
		};
		6F246CC12F61A32C005BC107 /* Build configuration list for PBXNativeTarget "Vibes ArcUITests" */ = {
			isa = XCConfigurationList;
			buildConfigurations = (
				6F246CC22F61A32C005BC107 /* Debug */,
				6F246CC32F61A32C005BC107 /* Release */,
			);
			defaultConfigurationIsVisible = 0;
			defaultConfigurationName = Release;
		};
		6FC37C2C2F61A4ED00BF75C5 /* Build configuration list for PBXNativeTarget "VibesArcWidgetsExtension" */ = {
			isa = XCConfigurationList;
			buildConfigurations = (
				6FC37C292F61A4ED00BF75C5 /* Debug */,
				6FC37C2A2F61A4ED00BF75C5 /* Release */,
			);
			defaultConfigurationIsVisible = 0;
			defaultConfigurationName = Release;
		};
/* End XCConfigurationList section */
	};
	rootObject = 6F246C922F61A328005BC107 /* Project object */;
}
